
Microsoft Visual Studio Solution File, Format Version 12.00
# Visual Studio Version 16
VisualStudioVersion = 16.0.29709.97
MinimumVisualStudioVersion = 10.0.40219.1
Project("{FAE04EC0-301F-11D3-BF4B-00C04F79EFBC}") = "SpaceAdventure", "SpaceAdventure.csproj", "{CCB8D086-BDAA-447C-9746-3571F3828F83}"
EndProject
Global
	GlobalSection(SolutionConfigurationPlatforms) = preSolution
		Debug|Any CPU = Debug|Any CPU
		Release|Any CPU = Release|Any CPU
	EndGlobalSection
	GlobalSection(ProjectConfigurationPlatforms) = postSolution
		{CCB8D086-BDAA-447C-9746-3571F3828F83}.Debug|Any CPU.ActiveCfg = Debug|Any CPU
		{CCB8D086-BDAA-447C-9746-3571F3828F83}.Debug|Any CPU.Build.0 = Debug|Any CPU
		{CCB8D086-BDAA-447C-9746-3571F3828F83}.Release|Any CPU.ActiveCfg = Release|Any CPU
		{CCB8D086-BDAA-447C-9746-3571F3828F83}.Release|Any CPU.Build.0 = Release|Any CPU
	EndGlobalSection
	GlobalSection(SolutionProperties) = preSolution
		HideSolutionNode = FALSE
	EndGlobalSection
	GlobalSection(ExtensibilityGlobals) = postSolution
		SolutionGuid = {C40B970D-A0EC-4CBB-BBA9-338BEC23EF84}
	EndGlobalSection
EndGlobal
